// !$*UTF8*$!
{
	archiveVersion = 1;
	classes = {
	};
	objectVersion = 46;
	objects = {

/* Begin PBXBuildFile section */
		9109BD27FB5D95C47AD4F8FE /* Pods_EttaTests.framework in Frameworks */ = {isa = PBXBuildFile; fileRef = 46A27B7282EACD2CE25063FE /* Pods_EttaTests.framework */; };
		9262503F3DD1E3415EFE6806 /* Pods_EttaUITests.framework in Frameworks */ = {isa = PBXBuildFile; fileRef = 3967641622C8DC941CC45FDE /* Pods_EttaUITests.framework */; };
		A893C58F7724214CFEE6D496 /* Pods_Etta.framework in Frameworks */ = {isa = PBXBuildFile; fileRef = B2F473F2C00D197CFF459483 /* Pods_Etta.framework */; };
		B52C69FD1D74B576002D9480 /* CoreDataController.swift in Sources */ = {isa = PBXBuildFile; fileRef = B52C69FC1D74B576002D9480 /* CoreDataController.swift */; };
		B5381EA51D75F3DC00CEB77F /* SearchController.swift in Sources */ = {isa = PBXBuildFile; fileRef = B5381EA41D75F3DC00CEB77F /* SearchController.swift */; };
		B5381EA71D75F43900CEB77F /* SearchControllerDelegate.swift in Sources */ = {isa = PBXBuildFile; fileRef = B5381EA61D75F43900CEB77F /* SearchControllerDelegate.swift */; };
		B552743E1D56726C00932E30 /* AppDelegate.swift in Sources */ = {isa = PBXBuildFile; fileRef = B552743D1D56726C00932E30 /* AppDelegate.swift */; };
		B55274401D56726C00932E30 /* SearchViewController.swift in Sources */ = {isa = PBXBuildFile; fileRef = B552743F1D56726C00932E30 /* SearchViewController.swift */; };
		B55274431D56726C00932E30 /* Main.storyboard in Resources */ = {isa = PBXBuildFile; fileRef = B55274411D56726C00932E30 /* Main.storyboard */; };
		B55274461D56726C00932E30 /* Etta.xcdatamodeld in Sources */ = {isa = PBXBuildFile; fileRef = B55274441D56726C00932E30 /* Etta.xcdatamodeld */; };
		B55274481D56726C00932E30 /* Assets.xcassets in Resources */ = {isa = PBXBuildFile; fileRef = B55274471D56726C00932E30 /* Assets.xcassets */; };
		B552744B1D56726C00932E30 /* LaunchScreen.storyboard in Resources */ = {isa = PBXBuildFile; fileRef = B55274491D56726C00932E30 /* LaunchScreen.storyboard */; };
		B55274611D56726C00932E30 /* EttaUITests.swift in Sources */ = {isa = PBXBuildFile; fileRef = B55274601D56726C00932E30 /* EttaUITests.swift */; };
		B552746F1D56762E00932E30 /* Config.swift in Sources */ = {isa = PBXBuildFile; fileRef = B552746E1D56762E00932E30 /* Config.swift */; };
		B55274711D567D8E00932E30 /* SearchProtocol.swift in Sources */ = {isa = PBXBuildFile; fileRef = B55274701D567D8E00932E30 /* SearchProtocol.swift */; };
		B55BF1A21D7F5A2000B2DD78 /* FavoritesViewController.swift in Sources */ = {isa = PBXBuildFile; fileRef = B55BF1A11D7F5A2000B2DD78 /* FavoritesViewController.swift */; };
		B566EBA01D5B9AF6007ECCA1 /* ParserProtocol.swift in Sources */ = {isa = PBXBuildFile; fileRef = B566EB9F1D5B9AF6007ECCA1 /* ParserProtocol.swift */; };
		B566EBA21D5BA1A1007ECCA1 /* SearchQuery.swift in Sources */ = {isa = PBXBuildFile; fileRef = B566EBA11D5BA1A1007ECCA1 /* SearchQuery.swift */; };
		B566EBA41D5BA1C3007ECCA1 /* Parser.swift in Sources */ = {isa = PBXBuildFile; fileRef = B566EBA31D5BA1C3007ECCA1 /* Parser.swift */; };
		B57E3BE81D6248D8007ECA27 /* EttaResultTableViewCell.swift in Sources */ = {isa = PBXBuildFile; fileRef = B57E3BE71D6248D8007ECA27 /* EttaResultTableViewCell.swift */; };
		B596CD011D5CD6C8009CEBA9 /* Helpers.swift in Sources */ = {isa = PBXBuildFile; fileRef = B596CD001D5CD6C8009CEBA9 /* Helpers.swift */; };
		B596CD031D5CFA7C009CEBA9 /* Errors.swift in Sources */ = {isa = PBXBuildFile; fileRef = B596CD021D5CFA7C009CEBA9 /* Errors.swift */; };
		B596CD0C1D5DD603009CEBA9 /* DictionaryEntry.swift in Sources */ = {isa = PBXBuildFile; fileRef = B596CD0B1D5DD603009CEBA9 /* DictionaryEntry.swift */; };
		B5AD16D31D7F2E3000206AF3 /* Favoritable.swift in Sources */ = {isa = PBXBuildFile; fileRef = B5AD16D21D7F2E3000206AF3 /* Favoritable.swift */; };
		B5ADEDAA1D801C7B00689723 /* TableViewDelegate+Search.swift in Sources */ = {isa = PBXBuildFile; fileRef = B5ADEDA91D801C7B00689723 /* TableViewDelegate+Search.swift */; };
		B5D15F4E1D56992C00A0FA03 /* EttaTests.swift in Sources */ = {isa = PBXBuildFile; fileRef = B55274551D56726C00932E30 /* EttaTests.swift */; };
		B5EB833B1D789F82005BB6B3 /* EttaPageViewController.swift in Sources */ = {isa = PBXBuildFile; fileRef = B5EB833A1D789F82005BB6B3 /* EttaPageViewController.swift */; };
		B5FDD5301D762234004EBB63 /* ResultsViewController.swift in Sources */ = {isa = PBXBuildFile; fileRef = B5FDD52F1D762234004EBB63 /* ResultsViewController.swift */; };
		B5FDD5321D762BF4004EBB63 /* HistoryViewController.swift in Sources */ = {isa = PBXBuildFile; fileRef = B5FDD5311D762BF4004EBB63 /* HistoryViewController.swift */; };
		B5FF162F1D8204A8004AD8F1 /* iTunesArtwork.png in Resources */ = {isa = PBXBuildFile; fileRef = B5FF162D1D8204A8004AD8F1 /* iTunesArtwork.png */; };
		B5FF16301D8204A8004AD8F1 /* iTunesArtwork@2x.png in Resources */ = {isa = PBXBuildFile; fileRef = B5FF162E1D8204A8004AD8F1 /* iTunesArtwork@2x.png */; };
		B5FF16341D871648004AD8F1 /* UITableView+ScrollToTop.swift in Sources */ = {isa = PBXBuildFile; fileRef = B5FF16331D871648004AD8F1 /* UITableView+ScrollToTop.swift */; };
/* End PBXBuildFile section */

/* Begin PBXContainerItemProxy section */
		B55274521D56726C00932E30 /* PBXContainerItemProxy */ = {
			isa = PBXContainerItemProxy;
			containerPortal = B55274321D56726C00932E30 /* Project object */;
			proxyType = 1;
			remoteGlobalIDString = B55274391D56726C00932E30;
			remoteInfo = Etta;
		};
		B552745D1D56726C00932E30 /* PBXContainerItemProxy */ = {
			isa = PBXContainerItemProxy;
			containerPortal = B55274321D56726C00932E30 /* Project object */;
			proxyType = 1;
			remoteGlobalIDString = B55274391D56726C00932E30;
			remoteInfo = Etta;
		};
/* End PBXContainerItemProxy section */

/* Begin PBXFileReference section */
		1DBDCBD913C9E772BB94A70A /* Pods-EttaTests.debug.xcconfig */ = {isa = PBXFileReference; includeInIndex = 1; lastKnownFileType = text.xcconfig; name = "Pods-EttaTests.debug.xcconfig"; path = "Pods/Target Support Files/Pods-EttaTests/Pods-EttaTests.debug.xcconfig"; sourceTree = "<group>"; };
		3967641622C8DC941CC45FDE /* Pods_EttaUITests.framework */ = {isa = PBXFileReference; explicitFileType = wrapper.framework; includeInIndex = 0; path = Pods_EttaUITests.framework; sourceTree = BUILT_PRODUCTS_DIR; };
		46A27B7282EACD2CE25063FE /* Pods_EttaTests.framework */ = {isa = PBXFileReference; explicitFileType = wrapper.framework; includeInIndex = 0; path = Pods_EttaTests.framework; sourceTree = BUILT_PRODUCTS_DIR; };
		A1DC5A5C11816CC63F2FDF2B /* Pods-EttaTests.release.xcconfig */ = {isa = PBXFileReference; includeInIndex = 1; lastKnownFileType = text.xcconfig; name = "Pods-EttaTests.release.xcconfig"; path = "Pods/Target Support Files/Pods-EttaTests/Pods-EttaTests.release.xcconfig"; sourceTree = "<group>"; };
		A506C4E50F8009EF5D7182CA /* Pods-EttaUITests.release.xcconfig */ = {isa = PBXFileReference; includeInIndex = 1; lastKnownFileType = text.xcconfig; name = "Pods-EttaUITests.release.xcconfig"; path = "Pods/Target Support Files/Pods-EttaUITests/Pods-EttaUITests.release.xcconfig"; sourceTree = "<group>"; };
		B2F473F2C00D197CFF459483 /* Pods_Etta.framework */ = {isa = PBXFileReference; explicitFileType = wrapper.framework; includeInIndex = 0; path = Pods_Etta.framework; sourceTree = BUILT_PRODUCTS_DIR; };
		B52C69FC1D74B576002D9480 /* CoreDataController.swift */ = {isa = PBXFileReference; fileEncoding = 4; lastKnownFileType = sourcecode.swift; path = CoreDataController.swift; sourceTree = "<group>"; };
		B5381EA41D75F3DC00CEB77F /* SearchController.swift */ = {isa = PBXFileReference; fileEncoding = 4; lastKnownFileType = sourcecode.swift; path = SearchController.swift; sourceTree = "<group>"; };
		B5381EA61D75F43900CEB77F /* SearchControllerDelegate.swift */ = {isa = PBXFileReference; fileEncoding = 4; lastKnownFileType = sourcecode.swift; path = SearchControllerDelegate.swift; sourceTree = "<group>"; };
		B552743A1D56726C00932E30 /* Etta.app */ = {isa = PBXFileReference; explicitFileType = wrapper.application; includeInIndex = 0; path = Etta.app; sourceTree = BUILT_PRODUCTS_DIR; };
		B552743D1D56726C00932E30 /* AppDelegate.swift */ = {isa = PBXFileReference; lastKnownFileType = sourcecode.swift; name = AppDelegate.swift; path = Etta/AppDelegate.swift; sourceTree = "<group>"; };
		B552743F1D56726C00932E30 /* SearchViewController.swift */ = {isa = PBXFileReference; lastKnownFileType = sourcecode.swift; name = SearchViewController.swift; path = Etta/SearchViewController.swift; sourceTree = "<group>"; };
		B55274421D56726C00932E30 /* Base */ = {isa = PBXFileReference; lastKnownFileType = file.storyboard; name = Base; path = Base.lproj/Main.storyboard; sourceTree = "<group>"; };
		B55274451D56726C00932E30 /* Etta.xcdatamodel */ = {isa = PBXFileReference; lastKnownFileType = wrapper.xcdatamodel; path = Etta.xcdatamodel; sourceTree = "<group>"; };
		B55274471D56726C00932E30 /* Assets.xcassets */ = {isa = PBXFileReference; lastKnownFileType = folder.assetcatalog; name = Assets.xcassets; path = Etta/Assets.xcassets; sourceTree = "<group>"; };
		B552744A1D56726C00932E30 /* Base */ = {isa = PBXFileReference; lastKnownFileType = file.storyboard; name = Base; path = Base.lproj/LaunchScreen.storyboard; sourceTree = "<group>"; };
		B552744C1D56726C00932E30 /* Info.plist */ = {isa = PBXFileReference; lastKnownFileType = text.plist.xml; name = Info.plist; path = Etta/Info.plist; sourceTree = "<group>"; };
		B55274511D56726C00932E30 /* EttaTests.xctest */ = {isa = PBXFileReference; explicitFileType = wrapper.cfbundle; includeInIndex = 0; path = EttaTests.xctest; sourceTree = BUILT_PRODUCTS_DIR; };
		B55274551D56726C00932E30 /* EttaTests.swift */ = {isa = PBXFileReference; lastKnownFileType = sourcecode.swift; path = EttaTests.swift; sourceTree = "<group>"; };
		B55274571D56726C00932E30 /* Info.plist */ = {isa = PBXFileReference; lastKnownFileType = text.plist.xml; path = Info.plist; sourceTree = "<group>"; };
		B552745C1D56726C00932E30 /* EttaUITests.xctest */ = {isa = PBXFileReference; explicitFileType = wrapper.cfbundle; includeInIndex = 0; path = EttaUITests.xctest; sourceTree = BUILT_PRODUCTS_DIR; };
		B55274601D56726C00932E30 /* EttaUITests.swift */ = {isa = PBXFileReference; lastKnownFileType = sourcecode.swift; path = EttaUITests.swift; sourceTree = "<group>"; };
		B55274621D56726C00932E30 /* Info.plist */ = {isa = PBXFileReference; lastKnownFileType = text.plist.xml; path = Info.plist; sourceTree = "<group>"; };
		B552746E1D56762E00932E30 /* Config.swift */ = {isa = PBXFileReference; fileEncoding = 4; lastKnownFileType = sourcecode.swift; name = Config.swift; path = Etta/Config.swift; sourceTree = "<group>"; };
		B55274701D567D8E00932E30 /* SearchProtocol.swift */ = {isa = PBXFileReference; fileEncoding = 4; lastKnownFileType = sourcecode.swift; path = SearchProtocol.swift; sourceTree = "<group>"; };
		B55BF1A11D7F5A2000B2DD78 /* FavoritesViewController.swift */ = {isa = PBXFileReference; fileEncoding = 4; lastKnownFileType = sourcecode.swift; path = FavoritesViewController.swift; sourceTree = "<group>"; };
		B566EB9F1D5B9AF6007ECCA1 /* ParserProtocol.swift */ = {isa = PBXFileReference; fileEncoding = 4; lastKnownFileType = sourcecode.swift; path = ParserProtocol.swift; sourceTree = "<group>"; };
		B566EBA11D5BA1A1007ECCA1 /* SearchQuery.swift */ = {isa = PBXFileReference; fileEncoding = 4; lastKnownFileType = sourcecode.swift; path = SearchQuery.swift; sourceTree = "<group>"; };
		B566EBA31D5BA1C3007ECCA1 /* Parser.swift */ = {isa = PBXFileReference; fileEncoding = 4; lastKnownFileType = sourcecode.swift; path = Parser.swift; sourceTree = "<group>"; };
		B57E3BE71D6248D8007ECA27 /* EttaResultTableViewCell.swift */ = {isa = PBXFileReference; fileEncoding = 4; lastKnownFileType = sourcecode.swift; path = EttaResultTableViewCell.swift; sourceTree = "<group>"; };
		B59309AD1D5784920042D0B1 /* README.md */ = {isa = PBXFileReference; lastKnownFileType = net.daringfireball.markdown; path = README.md; sourceTree = "<group>"; };
		B596CD001D5CD6C8009CEBA9 /* Helpers.swift */ = {isa = PBXFileReference; fileEncoding = 4; lastKnownFileType = sourcecode.swift; path = Helpers.swift; sourceTree = "<group>"; };
		B596CD021D5CFA7C009CEBA9 /* Errors.swift */ = {isa = PBXFileReference; fileEncoding = 4; lastKnownFileType = sourcecode.swift; path = Errors.swift; sourceTree = "<group>"; };
		B596CD0B1D5DD603009CEBA9 /* DictionaryEntry.swift */ = {isa = PBXFileReference; fileEncoding = 4; lastKnownFileType = sourcecode.swift; name = DictionaryEntry.swift; path = ../DictionaryEntry.swift; sourceTree = "<group>"; };
		B5AD16D21D7F2E3000206AF3 /* Favoritable.swift */ = {isa = PBXFileReference; fileEncoding = 4; lastKnownFileType = sourcecode.swift; path = Favoritable.swift; sourceTree = "<group>"; };
		B5ADEDA91D801C7B00689723 /* TableViewDelegate+Search.swift */ = {isa = PBXFileReference; fileEncoding = 4; lastKnownFileType = sourcecode.swift; name = "TableViewDelegate+Search.swift"; path = "../TableViewDelegate+Search.swift"; sourceTree = "<group>"; };
		B5EB833A1D789F82005BB6B3 /* EttaPageViewController.swift */ = {isa = PBXFileReference; fileEncoding = 4; lastKnownFileType = sourcecode.swift; path = EttaPageViewController.swift; sourceTree = "<group>"; };
		B5FAEEBB1D5A6DF30025C5E8 /* Package.swift */ = {isa = PBXFileReference; fileEncoding = 4; lastKnownFileType = sourcecode.swift; path = Package.swift; sourceTree = "<group>"; };
		B5FDD52F1D762234004EBB63 /* ResultsViewController.swift */ = {isa = PBXFileReference; fileEncoding = 4; lastKnownFileType = sourcecode.swift; path = ResultsViewController.swift; sourceTree = "<group>"; };
		B5FDD5311D762BF4004EBB63 /* HistoryViewController.swift */ = {isa = PBXFileReference; fileEncoding = 4; lastKnownFileType = sourcecode.swift; path = HistoryViewController.swift; sourceTree = "<group>"; };
		B5FF162D1D8204A8004AD8F1 /* iTunesArtwork.png */ = {isa = PBXFileReference; lastKnownFileType = image.png; name = iTunesArtwork.png; path = "Art/Assets/App Icon/iTunesArtwork.png"; sourceTree = "<group>"; };
		B5FF162E1D8204A8004AD8F1 /* iTunesArtwork@2x.png */ = {isa = PBXFileReference; lastKnownFileType = image.png; name = "iTunesArtwork@2x.png"; path = "Art/Assets/App Icon/iTunesArtwork@2x.png"; sourceTree = "<group>"; };
		B5FF16311D820531004AD8F1 /* iTunesArtwork@2x */ = {isa = PBXFileReference; lastKnownFileType = file; name = "iTunesArtwork@2x"; path = "Art/iTunesArtwork@2x"; sourceTree = "<group>"; };
		B5FF16321D820531004AD8F1 /* iTunesArtwork */ = {isa = PBXFileReference; lastKnownFileType = file; name = iTunesArtwork; path = Art/iTunesArtwork; sourceTree = "<group>"; };
		B5FF16331D871648004AD8F1 /* UITableView+ScrollToTop.swift */ = {isa = PBXFileReference; fileEncoding = 4; lastKnownFileType = sourcecode.swift; path = "UITableView+ScrollToTop.swift"; sourceTree = "<group>"; };
		C62DE18C01052B1165E8B70D /* Pods-Etta.debug.xcconfig */ = {isa = PBXFileReference; includeInIndex = 1; lastKnownFileType = text.xcconfig; name = "Pods-Etta.debug.xcconfig"; path = "Pods/Target Support Files/Pods-Etta/Pods-Etta.debug.xcconfig"; sourceTree = "<group>"; };
		C685D3FEF6137676754DAD35 /* Pods-Etta.release.xcconfig */ = {isa = PBXFileReference; includeInIndex = 1; lastKnownFileType = text.xcconfig; name = "Pods-Etta.release.xcconfig"; path = "Pods/Target Support Files/Pods-Etta/Pods-Etta.release.xcconfig"; sourceTree = "<group>"; };
		C7BACA7433420F20789471AE /* Pods-EttaUITests.debug.xcconfig */ = {isa = PBXFileReference; includeInIndex = 1; lastKnownFileType = text.xcconfig; name = "Pods-EttaUITests.debug.xcconfig"; path = "Pods/Target Support Files/Pods-EttaUITests/Pods-EttaUITests.debug.xcconfig"; sourceTree = "<group>"; };
/* End PBXFileReference section */

/* Begin PBXFrameworksBuildPhase section */
		B55274371D56726C00932E30 /* Frameworks */ = {
			isa = PBXFrameworksBuildPhase;
			buildActionMask = 2147483647;
			files = (
				A893C58F7724214CFEE6D496 /* Pods_Etta.framework in Frameworks */,
			);
			runOnlyForDeploymentPostprocessing = 0;
		};
		B552744E1D56726C00932E30 /* Frameworks */ = {
			isa = PBXFrameworksBuildPhase;
			buildActionMask = 2147483647;
			files = (
				9109BD27FB5D95C47AD4F8FE /* Pods_EttaTests.framework in Frameworks */,
			);
			runOnlyForDeploymentPostprocessing = 0;
		};
		B55274591D56726C00932E30 /* Frameworks */ = {
			isa = PBXFrameworksBuildPhase;
			buildActionMask = 2147483647;
			files = (
				9262503F3DD1E3415EFE6806 /* Pods_EttaUITests.framework in Frameworks */,
			);
			runOnlyForDeploymentPostprocessing = 0;
		};
/* End PBXFrameworksBuildPhase section */

/* Begin PBXGroup section */
		49AB807D39B3E12A35DAF183 /* Frameworks */ = {
			isa = PBXGroup;
			children = (
				B2F473F2C00D197CFF459483 /* Pods_Etta.framework */,
				46A27B7282EACD2CE25063FE /* Pods_EttaTests.framework */,
				3967641622C8DC941CC45FDE /* Pods_EttaUITests.framework */,
			);
			name = Frameworks;
			sourceTree = "<group>";
		};
		768A403B2A939CA529E4D53C /* Pods */ = {
			isa = PBXGroup;
			children = (
				C62DE18C01052B1165E8B70D /* Pods-Etta.debug.xcconfig */,
				C685D3FEF6137676754DAD35 /* Pods-Etta.release.xcconfig */,
				1DBDCBD913C9E772BB94A70A /* Pods-EttaTests.debug.xcconfig */,
				A1DC5A5C11816CC63F2FDF2B /* Pods-EttaTests.release.xcconfig */,
				C7BACA7433420F20789471AE /* Pods-EttaUITests.debug.xcconfig */,
				A506C4E50F8009EF5D7182CA /* Pods-EttaUITests.release.xcconfig */,
			);
			name = Pods;
			sourceTree = "<group>";
		};
		B54266951D6649990066E4D5 /* Controllers */ = {
			isa = PBXGroup;
			children = (
				B5EB833A1D789F82005BB6B3 /* EttaPageViewController.swift */,
				B5FDD5311D762BF4004EBB63 /* HistoryViewController.swift */,
				B55BF1A11D7F5A2000B2DD78 /* FavoritesViewController.swift */,
				B5FDD52F1D762234004EBB63 /* ResultsViewController.swift */,
				B52C69FC1D74B576002D9480 /* CoreDataController.swift */,
				B552743F1D56726C00932E30 /* SearchViewController.swift */,
				B5381EA41D75F3DC00CEB77F /* SearchController.swift */,
			);
			name = Controllers;
			sourceTree = "<group>";
		};
		B55274311D56726C00932E30 = {
			isa = PBXGroup;
			children = (
				B596CD091D5D1583009CEBA9 /* Application */,
				B566EBA61D5BA1E6007ECCA1 /* Models */,
				B54266951D6649990066E4D5 /* Controllers */,
				B57E3BE61D623FDF007ECA27 /* Views */,
				B596CD0A1D5D160E009CEBA9 /* Common */,
				B55274471D56726C00932E30 /* Assets.xcassets */,
				B5FF162D1D8204A8004AD8F1 /* iTunesArtwork.png */,
				B5FF162E1D8204A8004AD8F1 /* iTunesArtwork@2x.png */,
				B55274541D56726C00932E30 /* EttaTests */,
				B552745F1D56726C00932E30 /* EttaUITests */,
				49AB807D39B3E12A35DAF183 /* Frameworks */,
				768A403B2A939CA529E4D53C /* Pods */,
				B552743B1D56726C00932E30 /* Products */,
			);
			sourceTree = "<group>";
		};
		B552743B1D56726C00932E30 /* Products */ = {
			isa = PBXGroup;
			children = (
				B552743A1D56726C00932E30 /* Etta.app */,
				B55274511D56726C00932E30 /* EttaTests.xctest */,
				B552745C1D56726C00932E30 /* EttaUITests.xctest */,
			);
			name = Products;
			sourceTree = "<group>";
		};
		B55274541D56726C00932E30 /* EttaTests */ = {
			isa = PBXGroup;
			children = (
				B55274551D56726C00932E30 /* EttaTests.swift */,
				B55274571D56726C00932E30 /* Info.plist */,
			);
			path = EttaTests;
			sourceTree = "<group>";
		};
		B552745F1D56726C00932E30 /* EttaUITests */ = {
			isa = PBXGroup;
			children = (
				B55274601D56726C00932E30 /* EttaUITests.swift */,
				B55274621D56726C00932E30 /* Info.plist */,
			);
			path = EttaUITests;
			sourceTree = "<group>";
		};
		B566EBA51D5BA1DE007ECCA1 /* Protocols */ = {
			isa = PBXGroup;
			children = (
				B5FF16331D871648004AD8F1 /* UITableView+ScrollToTop.swift */,
				B5AD16D21D7F2E3000206AF3 /* Favoritable.swift */,
				B5381EA61D75F43900CEB77F /* SearchControllerDelegate.swift */,
				B566EB9F1D5B9AF6007ECCA1 /* ParserProtocol.swift */,
				B5ADEDA91D801C7B00689723 /* TableViewDelegate+Search.swift */,
				B55274701D567D8E00932E30 /* SearchProtocol.swift */,
			);
			name = Protocols;
			sourceTree = "<group>";
		};
		B566EBA61D5BA1E6007ECCA1 /* Models */ = {
			isa = PBXGroup;
			children = (
				B566EBA51D5BA1DE007ECCA1 /* Protocols */,
				B596CD0B1D5DD603009CEBA9 /* DictionaryEntry.swift */,
				B566EBA11D5BA1A1007ECCA1 /* SearchQuery.swift */,
				B566EBA31D5BA1C3007ECCA1 /* Parser.swift */,
			);
			name = Models;
			path = Etta;
			sourceTree = "<group>";
		};
		B57E3BE61D623FDF007ECA27 /* Views */ = {
			isa = PBXGroup;
			children = (
				B57E3BE71D6248D8007ECA27 /* EttaResultTableViewCell.swift */,
			);
			name = Views;
			sourceTree = "<group>";
		};
		B596CD091D5D1583009CEBA9 /* Application */ = {
			isa = PBXGroup;
			children = (
				B552743D1D56726C00932E30 /* AppDelegate.swift */,
				B55274491D56726C00932E30 /* LaunchScreen.storyboard */,
				B55274411D56726C00932E30 /* Main.storyboard */,
			);
			name = Application;
			sourceTree = "<group>";
		};
		B596CD0A1D5D160E009CEBA9 /* Common */ = {
			isa = PBXGroup;
			children = (
				B5FF16311D820531004AD8F1 /* iTunesArtwork@2x */,
				B5FF16321D820531004AD8F1 /* iTunesArtwork */,
				B55274441D56726C00932E30 /* Etta.xcdatamodeld */,
				B552744C1D56726C00932E30 /* Info.plist */,
				B59309AD1D5784920042D0B1 /* README.md */,
				B5FAEEBB1D5A6DF30025C5E8 /* Package.swift */,
				B596CD021D5CFA7C009CEBA9 /* Errors.swift */,
				B596CD001D5CD6C8009CEBA9 /* Helpers.swift */,
				B552746E1D56762E00932E30 /* Config.swift */,
			);
			name = Common;
			sourceTree = "<group>";
		};
/* End PBXGroup section */

/* Begin PBXNativeTarget section */
		B55274391D56726C00932E30 /* Etta */ = {
			isa = PBXNativeTarget;
			buildConfigurationList = B55274651D56726C00932E30 /* Build configuration list for PBXNativeTarget "Etta" */;
			buildPhases = (
				D16CD16F7ADA0C312D5D3EF1 /* 📦 Check Pods Manifest.lock */,
				B55274361D56726C00932E30 /* Sources */,
				B55274371D56726C00932E30 /* Frameworks */,
				B55274381D56726C00932E30 /* Resources */,
				0F07F5613E5A5928EEC6CAB2 /* 📦 Embed Pods Frameworks */,
				E8227E21EAAE4B667B00DC2D /* 📦 Copy Pods Resources */,
			);
			buildRules = (
			);
			dependencies = (
			);
			name = Etta;
			productName = Etta;
			productReference = B552743A1D56726C00932E30 /* Etta.app */;
			productType = "com.apple.product-type.application";
		};
		B55274501D56726C00932E30 /* EttaTests */ = {
			isa = PBXNativeTarget;
			buildConfigurationList = B55274681D56726C00932E30 /* Build configuration list for PBXNativeTarget "EttaTests" */;
			buildPhases = (
				AF09B6EA7F05E1A823EA81DD /* 📦 Check Pods Manifest.lock */,
				B552744D1D56726C00932E30 /* Sources */,
				B552744E1D56726C00932E30 /* Frameworks */,
				B552744F1D56726C00932E30 /* Resources */,
				015CC8E1E00502E863460FF6 /* 📦 Embed Pods Frameworks */,
				D03302281F66BA76EE844516 /* 📦 Copy Pods Resources */,
			);
			buildRules = (
			);
			dependencies = (
				B55274531D56726C00932E30 /* PBXTargetDependency */,
			);
			name = EttaTests;
			productName = EttaTests;
			productReference = B55274511D56726C00932E30 /* EttaTests.xctest */;
			productType = "com.apple.product-type.bundle.unit-test";
		};
		B552745B1D56726C00932E30 /* EttaUITests */ = {
			isa = PBXNativeTarget;
			buildConfigurationList = B552746B1D56726C00932E30 /* Build configuration list for PBXNativeTarget "EttaUITests" */;
			buildPhases = (
				F4A354B4C1F94ECD8355B133 /* 📦 Check Pods Manifest.lock */,
				B55274581D56726C00932E30 /* Sources */,
				B55274591D56726C00932E30 /* Frameworks */,
				B552745A1D56726C00932E30 /* Resources */,
				20C19783FF3DA80F8BCB0335 /* 📦 Copy Pods Resources */,
			);
			buildRules = (
			);
			dependencies = (
				B552745E1D56726C00932E30 /* PBXTargetDependency */,
			);
			name = EttaUITests;
			productName = EttaUITests;
			productReference = B552745C1D56726C00932E30 /* EttaUITests.xctest */;
			productType = "com.apple.product-type.bundle.ui-testing";
		};
/* End PBXNativeTarget section */

/* Begin PBXProject section */
		B55274321D56726C00932E30 /* Project object */ = {
			isa = PBXProject;
			attributes = {
				LastSwiftUpdateCheck = 0800;
				LastUpgradeCheck = 0800;
				ORGANIZATIONNAME = "Constellation Software";
				TargetAttributes = {
					B55274391D56726C00932E30 = {
						CreatedOnToolsVersion = 8.0;
						DevelopmentTeam = 97JRRX372K;
						ProvisioningStyle = Automatic;
					};
					B55274501D56726C00932E30 = {
						CreatedOnToolsVersion = 8.0;
						DevelopmentTeam = 97JRRX372K;
						ProvisioningStyle = Automatic;
						TestTargetID = B55274391D56726C00932E30;
					};
					B552745B1D56726C00932E30 = {
						CreatedOnToolsVersion = 8.0;
						DevelopmentTeam = 97JRRX372K;
						ProvisioningStyle = Automatic;
						TestTargetID = B55274391D56726C00932E30;
					};
				};
			};
			buildConfigurationList = B55274351D56726C00932E30 /* Build configuration list for PBXProject "Etta" */;
			compatibilityVersion = "Xcode 3.2";
			developmentRegion = English;
			hasScannedForEncodings = 0;
			knownRegions = (
				en,
				Base,
			);
			mainGroup = B55274311D56726C00932E30;
			productRefGroup = B552743B1D56726C00932E30 /* Products */;
			projectDirPath = "";
			projectRoot = "";
			targets = (
				B55274391D56726C00932E30 /* Etta */,
				B55274501D56726C00932E30 /* EttaTests */,
				B552745B1D56726C00932E30 /* EttaUITests */,
			);
		};
/* End PBXProject section */

/* Begin PBXResourcesBuildPhase section */
		B55274381D56726C00932E30 /* Resources */ = {
			isa = PBXResourcesBuildPhase;
			buildActionMask = 2147483647;
			files = (
				B552744B1D56726C00932E30 /* LaunchScreen.storyboard in Resources */,
				B5FF16301D8204A8004AD8F1 /* iTunesArtwork@2x.png in Resources */,
				B55274481D56726C00932E30 /* Assets.xcassets in Resources */,
				B5FF162F1D8204A8004AD8F1 /* iTunesArtwork.png in Resources */,
				B55274431D56726C00932E30 /* Main.storyboard in Resources */,
			);
			runOnlyForDeploymentPostprocessing = 0;
		};
		B552744F1D56726C00932E30 /* Resources */ = {
			isa = PBXResourcesBuildPhase;
			buildActionMask = 2147483647;
			files = (
			);
			runOnlyForDeploymentPostprocessing = 0;
		};
		B552745A1D56726C00932E30 /* Resources */ = {
			isa = PBXResourcesBuildPhase;
			buildActionMask = 2147483647;
			files = (
			);
			runOnlyForDeploymentPostprocessing = 0;
		};
/* End PBXResourcesBuildPhase section */

/* Begin PBXShellScriptBuildPhase section */
		015CC8E1E00502E863460FF6 /* 📦 Embed Pods Frameworks */ = {
			isa = PBXShellScriptBuildPhase;
			buildActionMask = 2147483647;
			files = (
			);
			inputPaths = (
			);
			name = "📦 Embed Pods Frameworks";
			outputPaths = (
			);
			runOnlyForDeploymentPostprocessing = 0;
			shellPath = /bin/sh;
			shellScript = "\"${SRCROOT}/Pods/Target Support Files/Pods-EttaTests/Pods-EttaTests-frameworks.sh\"\n";
			showEnvVarsInLog = 0;
		};
		0F07F5613E5A5928EEC6CAB2 /* 📦 Embed Pods Frameworks */ = {
			isa = PBXShellScriptBuildPhase;
			buildActionMask = 2147483647;
			files = (
			);
			inputPaths = (
			);
			name = "📦 Embed Pods Frameworks";
			outputPaths = (
			);
			runOnlyForDeploymentPostprocessing = 0;
			shellPath = /bin/sh;
			shellScript = "\"${SRCROOT}/Pods/Target Support Files/Pods-Etta/Pods-Etta-frameworks.sh\"\n";
			showEnvVarsInLog = 0;
		};
		20C19783FF3DA80F8BCB0335 /* 📦 Copy Pods Resources */ = {
			isa = PBXShellScriptBuildPhase;
			buildActionMask = 2147483647;
			files = (
			);
			inputPaths = (
			);
			name = "📦 Copy Pods Resources";
			outputPaths = (
			);
			runOnlyForDeploymentPostprocessing = 0;
			shellPath = /bin/sh;
			shellScript = "\"${SRCROOT}/Pods/Target Support Files/Pods-EttaUITests/Pods-EttaUITests-resources.sh\"\n";
			showEnvVarsInLog = 0;
		};
		AF09B6EA7F05E1A823EA81DD /* 📦 Check Pods Manifest.lock */ = {
			isa = PBXShellScriptBuildPhase;
			buildActionMask = 2147483647;
			files = (
			);
			inputPaths = (
			);
			name = "📦 Check Pods Manifest.lock";
			outputPaths = (
			);
			runOnlyForDeploymentPostprocessing = 0;
			shellPath = /bin/sh;
			shellScript = "diff \"${PODS_ROOT}/../Podfile.lock\" \"${PODS_ROOT}/Manifest.lock\" > /dev/null\nif [[ $? != 0 ]] ; then\n    cat << EOM\nerror: The sandbox is not in sync with the Podfile.lock. Run 'pod install' or update your CocoaPods installation.\nEOM\n    exit 1\nfi\n";
			showEnvVarsInLog = 0;
		};
		D03302281F66BA76EE844516 /* 📦 Copy Pods Resources */ = {
			isa = PBXShellScriptBuildPhase;
			buildActionMask = 2147483647;
			files = (
			);
			inputPaths = (
			);
			name = "📦 Copy Pods Resources";
			outputPaths = (
			);
			runOnlyForDeploymentPostprocessing = 0;
			shellPath = /bin/sh;
			shellScript = "\"${SRCROOT}/Pods/Target Support Files/Pods-EttaTests/Pods-EttaTests-resources.sh\"\n";
			showEnvVarsInLog = 0;
		};
		D16CD16F7ADA0C312D5D3EF1 /* 📦 Check Pods Manifest.lock */ = {
			isa = PBXShellScriptBuildPhase;
			buildActionMask = 2147483647;
			files = (
			);
			inputPaths = (
			);
			name = "📦 Check Pods Manifest.lock";
			outputPaths = (
			);
			runOnlyForDeploymentPostprocessing = 0;
			shellPath = /bin/sh;
			shellScript = "diff \"${PODS_ROOT}/../Podfile.lock\" \"${PODS_ROOT}/Manifest.lock\" > /dev/null\nif [[ $? != 0 ]] ; then\n    cat << EOM\nerror: The sandbox is not in sync with the Podfile.lock. Run 'pod install' or update your CocoaPods installation.\nEOM\n    exit 1\nfi\n";
			showEnvVarsInLog = 0;
		};
		E8227E21EAAE4B667B00DC2D /* 📦 Copy Pods Resources */ = {
			isa = PBXShellScriptBuildPhase;
			buildActionMask = 2147483647;
			files = (
			);
			inputPaths = (
			);
			name = "📦 Copy Pods Resources";
			outputPaths = (
			);
			runOnlyForDeploymentPostprocessing = 0;
			shellPath = /bin/sh;
			shellScript = "\"${SRCROOT}/Pods/Target Support Files/Pods-Etta/Pods-Etta-resources.sh\"\n";
			showEnvVarsInLog = 0;
		};
		F4A354B4C1F94ECD8355B133 /* 📦 Check Pods Manifest.lock */ = {
			isa = PBXShellScriptBuildPhase;
			buildActionMask = 2147483647;
			files = (
			);
			inputPaths = (
			);
			name = "📦 Check Pods Manifest.lock";
			outputPaths = (
			);
			runOnlyForDeploymentPostprocessing = 0;
			shellPath = /bin/sh;
			shellScript = "diff \"${PODS_ROOT}/../Podfile.lock\" \"${PODS_ROOT}/Manifest.lock\" > /dev/null\nif [[ $? != 0 ]] ; then\n    cat << EOM\nerror: The sandbox is not in sync with the Podfile.lock. Run 'pod install' or update your CocoaPods installation.\nEOM\n    exit 1\nfi\n";
			showEnvVarsInLog = 0;
		};
/* End PBXShellScriptBuildPhase section */

/* Begin PBXSourcesBuildPhase section */
		B55274361D56726C00932E30 /* Sources */ = {
			isa = PBXSourcesBuildPhase;
			buildActionMask = 2147483647;
			files = (
				B55274401D56726C00932E30 /* SearchViewController.swift in Sources */,
				B5FF16341D871648004AD8F1 /* UITableView+ScrollToTop.swift in Sources */,
				B596CD0C1D5DD603009CEBA9 /* DictionaryEntry.swift in Sources */,
				B566EBA01D5B9AF6007ECCA1 /* ParserProtocol.swift in Sources */,
				B5ADEDAA1D801C7B00689723 /* TableViewDelegate+Search.swift in Sources */,
				B5AD16D31D7F2E3000206AF3 /* Favoritable.swift in Sources */,
				B5381EA51D75F3DC00CEB77F /* SearchController.swift in Sources */,
				B552746F1D56762E00932E30 /* Config.swift in Sources */,
				B5EB833B1D789F82005BB6B3 /* EttaPageViewController.swift in Sources */,
				B57E3BE81D6248D8007ECA27 /* EttaResultTableViewCell.swift in Sources */,
				B55274711D567D8E00932E30 /* SearchProtocol.swift in Sources */,
				B5FDD5301D762234004EBB63 /* ResultsViewController.swift in Sources */,
				B596CD011D5CD6C8009CEBA9 /* Helpers.swift in Sources */,
				B566EBA41D5BA1C3007ECCA1 /* Parser.swift in Sources */,
				B52C69FD1D74B576002D9480 /* CoreDataController.swift in Sources */,
				B596CD031D5CFA7C009CEBA9 /* Errors.swift in Sources */,
				B5381EA71D75F43900CEB77F /* SearchControllerDelegate.swift in Sources */,
				B55274461D56726C00932E30 /* Etta.xcdatamodeld in Sources */,
				B566EBA21D5BA1A1007ECCA1 /* SearchQuery.swift in Sources */,
				B5FDD5321D762BF4004EBB63 /* HistoryViewController.swift in Sources */,
				B55BF1A21D7F5A2000B2DD78 /* FavoritesViewController.swift in Sources */,
				B552743E1D56726C00932E30 /* AppDelegate.swift in Sources */,
			);
			runOnlyForDeploymentPostprocessing = 0;
		};
		B552744D1D56726C00932E30 /* Sources */ = {
			isa = PBXSourcesBuildPhase;
			buildActionMask = 2147483647;
			files = (
				B5D15F4E1D56992C00A0FA03 /* EttaTests.swift in Sources */,
			);
			runOnlyForDeploymentPostprocessing = 0;
		};
		B55274581D56726C00932E30 /* Sources */ = {
			isa = PBXSourcesBuildPhase;
			buildActionMask = 2147483647;
			files = (
				B55274611D56726C00932E30 /* EttaUITests.swift in Sources */,
			);
			runOnlyForDeploymentPostprocessing = 0;
		};
/* End PBXSourcesBuildPhase section */

/* Begin PBXTargetDependency section */
		B55274531D56726C00932E30 /* PBXTargetDependency */ = {
			isa = PBXTargetDependency;
			target = B55274391D56726C00932E30 /* Etta */;
			targetProxy = B55274521D56726C00932E30 /* PBXContainerItemProxy */;
		};
		B552745E1D56726C00932E30 /* PBXTargetDependency */ = {
			isa = PBXTargetDependency;
			target = B55274391D56726C00932E30 /* Etta */;
			targetProxy = B552745D1D56726C00932E30 /* PBXContainerItemProxy */;
		};
/* End PBXTargetDependency section */

/* Begin PBXVariantGroup section */
		B55274411D56726C00932E30 /* Main.storyboard */ = {
			isa = PBXVariantGroup;
			children = (
				B55274421D56726C00932E30 /* Base */,
			);
			name = Main.storyboard;
			path = Etta;
			sourceTree = "<group>";
		};
		B55274491D56726C00932E30 /* LaunchScreen.storyboard */ = {
			isa = PBXVariantGroup;
			children = (
				B552744A1D56726C00932E30 /* Base */,
			);
			name = LaunchScreen.storyboard;
			path = Etta;
			sourceTree = "<group>";
		};
/* End PBXVariantGroup section */

/* Begin XCBuildConfiguration section */
		B55274631D56726C00932E30 /* Debug */ = {
			isa = XCBuildConfiguration;
			buildSettings = {
				ALWAYS_SEARCH_USER_PATHS = NO;
				CLANG_ANALYZER_NONNULL = YES;
				CLANG_CXX_LANGUAGE_STANDARD = "gnu++0x";
				CLANG_CXX_LIBRARY = "libc++";
				CLANG_ENABLE_MODULES = YES;
				CLANG_ENABLE_OBJC_ARC = YES;
				CLANG_WARN_BOOL_CONVERSION = YES;
				CLANG_WARN_CONSTANT_CONVERSION = YES;
				CLANG_WARN_DIRECT_OBJC_ISA_USAGE = YES_ERROR;
				CLANG_WARN_DOCUMENTATION_COMMENTS = YES;
				CLANG_WARN_EMPTY_BODY = YES;
				CLANG_WARN_ENUM_CONVERSION = YES;
				CLANG_WARN_INFINITE_RECURSION = YES;
				CLANG_WARN_INT_CONVERSION = YES;
				CLANG_WARN_OBJC_ROOT_CLASS = YES_ERROR;
				CLANG_WARN_SUSPICIOUS_MOVES = YES;
				CLANG_WARN_UNREACHABLE_CODE = YES;
				CLANG_WARN__DUPLICATE_METHOD_MATCH = YES;
				"CODE_SIGN_IDENTITY[sdk=iphoneos*]" = "iPhone Developer";
				COPY_PHASE_STRIP = NO;
				DEBUG_INFORMATION_FORMAT = dwarf;
				ENABLE_STRICT_OBJC_MSGSEND = YES;
				ENABLE_TESTABILITY = YES;
				GCC_C_LANGUAGE_STANDARD = gnu99;
				GCC_DYNAMIC_NO_PIC = NO;
				GCC_NO_COMMON_BLOCKS = YES;
				GCC_OPTIMIZATION_LEVEL = 0;
				GCC_PREPROCESSOR_DEFINITIONS = (
					"DEBUG=1",
					"$(inherited)",
				);
				GCC_WARN_64_TO_32_BIT_CONVERSION = YES;
				GCC_WARN_ABOUT_RETURN_TYPE = YES_ERROR;
				GCC_WARN_UNDECLARED_SELECTOR = YES;
				GCC_WARN_UNINITIALIZED_AUTOS = YES_AGGRESSIVE;
				GCC_WARN_UNUSED_FUNCTION = YES;
				GCC_WARN_UNUSED_VARIABLE = YES;
				IPHONEOS_DEPLOYMENT_TARGET = 10.0;
				MTL_ENABLE_DEBUG_INFO = YES;
				ONLY_ACTIVE_ARCH = YES;
				SDKROOT = iphoneos;
				SWIFT_ACTIVE_COMPILATION_CONDITIONS = DEBUG;
				SWIFT_OPTIMIZATION_LEVEL = "-Onone";
				TARGETED_DEVICE_FAMILY = "1,2";
			};
			name = Debug;
		};
		B55274641D56726C00932E30 /* Release */ = {
			isa = XCBuildConfiguration;
			buildSettings = {
				ALWAYS_SEARCH_USER_PATHS = NO;
				CLANG_ANALYZER_NONNULL = YES;
				CLANG_CXX_LANGUAGE_STANDARD = "gnu++0x";
				CLANG_CXX_LIBRARY = "libc++";
				CLANG_ENABLE_MODULES = YES;
				CLANG_ENABLE_OBJC_ARC = YES;
				CLANG_WARN_BOOL_CONVERSION = YES;
				CLANG_WARN_CONSTANT_CONVERSION = YES;
				CLANG_WARN_DIRECT_OBJC_ISA_USAGE = YES_ERROR;
				CLANG_WARN_DOCUMENTATION_COMMENTS = YES;
				CLANG_WARN_EMPTY_BODY = YES;
				CLANG_WARN_ENUM_CONVERSION = YES;
				CLANG_WARN_INFINITE_RECURSION = YES;
				CLANG_WARN_INT_CONVERSION = YES;
				CLANG_WARN_OBJC_ROOT_CLASS = YES_ERROR;
				CLANG_WARN_SUSPICIOUS_MOVES = YES;
				CLANG_WARN_UNREACHABLE_CODE = YES;
				CLANG_WARN__DUPLICATE_METHOD_MATCH = YES;
				"CODE_SIGN_IDENTITY[sdk=iphoneos*]" = "iPhone Developer";
				COPY_PHASE_STRIP = NO;
				DEBUG_INFORMATION_FORMAT = "dwarf-with-dsym";
				ENABLE_NS_ASSERTIONS = NO;
				ENABLE_STRICT_OBJC_MSGSEND = YES;
				GCC_C_LANGUAGE_STANDARD = gnu99;
				GCC_NO_COMMON_BLOCKS = YES;
				GCC_WARN_64_TO_32_BIT_CONVERSION = YES;
				GCC_WARN_ABOUT_RETURN_TYPE = YES_ERROR;
				GCC_WARN_UNDECLARED_SELECTOR = YES;
				GCC_WARN_UNINITIALIZED_AUTOS = YES_AGGRESSIVE;
				GCC_WARN_UNUSED_FUNCTION = YES;
				GCC_WARN_UNUSED_VARIABLE = YES;
				IPHONEOS_DEPLOYMENT_TARGET = 10.0;
				MTL_ENABLE_DEBUG_INFO = NO;
				SDKROOT = iphoneos;
				SWIFT_OPTIMIZATION_LEVEL = "-Owholemodule";
				TARGETED_DEVICE_FAMILY = "1,2";
				VALIDATE_PRODUCT = YES;
			};
			name = Release;
		};
		B55274661D56726C00932E30 /* Debug */ = {
			isa = XCBuildConfiguration;
			baseConfigurationReference = C62DE18C01052B1165E8B70D /* Pods-Etta.debug.xcconfig */;
			buildSettings = {
				ASSETCATALOG_COMPILER_APPICON_NAME = AppIcon;
				DEVELOPMENT_TEAM = 97JRRX372K;
				HEADER_SEARCH_PATHS = "$(SDKROOT)/usr/include/libxml2";
				INFOPLIST_FILE = Etta/Info.plist;
				IPHONEOS_DEPLOYMENT_TARGET = 10.0;
				LD_RUNPATH_SEARCH_PATHS = "$(inherited) @executable_path/Frameworks";
				PRODUCT_BUNDLE_IDENTIFIER = constellation.Etta;
				PRODUCT_NAME = "$(TARGET_NAME)";
				SWIFT_OBJC_BRIDGING_HEADER = "";
				SWIFT_VERSION = 3.0;
			};
			name = Debug;
		};
		B55274671D56726C00932E30 /* Release */ = {
			isa = XCBuildConfiguration;
			baseConfigurationReference = C685D3FEF6137676754DAD35 /* Pods-Etta.release.xcconfig */;
			buildSettings = {
				ASSETCATALOG_COMPILER_APPICON_NAME = AppIcon;
				DEVELOPMENT_TEAM = 97JRRX372K;
				HEADER_SEARCH_PATHS = "$(SDKROOT)/usr/include/libxml2";
				INFOPLIST_FILE = Etta/Info.plist;
				IPHONEOS_DEPLOYMENT_TARGET = 10.0;
				LD_RUNPATH_SEARCH_PATHS = "$(inherited) @executable_path/Frameworks";
				PRODUCT_BUNDLE_IDENTIFIER = constellation.Etta;
				PRODUCT_NAME = "$(TARGET_NAME)";
				SWIFT_OBJC_BRIDGING_HEADER = "";
				SWIFT_VERSION = 3.0;
			};
			name = Release;
		};
		B55274691D56726C00932E30 /* Debug */ = {
			isa = XCBuildConfiguration;
			baseConfigurationReference = 1DBDCBD913C9E772BB94A70A /* Pods-EttaTests.debug.xcconfig */;
			buildSettings = {
				BUNDLE_LOADER = "$(TEST_HOST)";
				DEVELOPMENT_TEAM = 97JRRX372K;
				INFOPLIST_FILE = EttaTests/Info.plist;
				LD_RUNPATH_SEARCH_PATHS = "$(inherited) @executable_path/Frameworks @loader_path/Frameworks";
				PRODUCT_BUNDLE_IDENTIFIER = constellation.EttaTests;
				PRODUCT_NAME = "$(TARGET_NAME)";
				SWIFT_VERSION = 3.0;
				TEST_HOST = "$(BUILT_PRODUCTS_DIR)/Etta.app/Etta";
			};
			name = Debug;
		};
		B552746A1D56726C00932E30 /* Release */ = {
			isa = XCBuildConfiguration;
			baseConfigurationReference = A1DC5A5C11816CC63F2FDF2B /* Pods-EttaTests.release.xcconfig */;
			buildSettings = {
				BUNDLE_LOADER = "$(TEST_HOST)";
				DEVELOPMENT_TEAM = 97JRRX372K;
				INFOPLIST_FILE = EttaTests/Info.plist;
				LD_RUNPATH_SEARCH_PATHS = "$(inherited) @executable_path/Frameworks @loader_path/Frameworks";
				PRODUCT_BUNDLE_IDENTIFIER = constellation.EttaTests;
				PRODUCT_NAME = "$(TARGET_NAME)";
				SWIFT_VERSION = 3.0;
				TEST_HOST = "$(BUILT_PRODUCTS_DIR)/Etta.app/Etta";
			};
			name = Release;
		};
		B552746C1D56726C00932E30 /* Debug */ = {
			isa = XCBuildConfiguration;
			baseConfigurationReference = C7BACA7433420F20789471AE /* Pods-EttaUITests.debug.xcconfig */;
			buildSettings = {
				DEVELOPMENT_TEAM = 97JRRX372K;
				INFOPLIST_FILE = EttaUITests/Info.plist;
				LD_RUNPATH_SEARCH_PATHS = "$(inherited) @executable_path/Frameworks @loader_path/Frameworks";
				PRODUCT_BUNDLE_IDENTIFIER = constellation.EttaUITests;
				PRODUCT_NAME = "$(TARGET_NAME)";
				SWIFT_VERSION = 3.0;
				TEST_TARGET_NAME = Etta;
			};
			name = Debug;
		};
		B552746D1D56726C00932E30 /* Release */ = {
			isa = XCBuildConfiguration;
			baseConfigurationReference = A506C4E50F8009EF5D7182CA /* Pods-EttaUITests.release.xcconfig */;
			buildSettings = {
				DEVELOPMENT_TEAM = 97JRRX372K;
				INFOPLIST_FILE = EttaUITests/Info.plist;
				LD_RUNPATH_SEARCH_PATHS = "$(inherited) @executable_path/Frameworks @loader_path/Frameworks";
				PRODUCT_BUNDLE_IDENTIFIER = constellation.EttaUITests;
				PRODUCT_NAME = "$(TARGET_NAME)";
				SWIFT_VERSION = 3.0;
				TEST_TARGET_NAME = Etta;
			};
			name = Release;
		};
/* End XCBuildConfiguration section */

/* Begin XCConfigurationList section */
		B55274351D56726C00932E30 /* Build configuration list for PBXProject "Etta" */ = {
			isa = XCConfigurationList;
			buildConfigurations = (
				B55274631D56726C00932E30 /* Debug */,
				B55274641D56726C00932E30 /* Release */,
			);
			defaultConfigurationIsVisible = 0;
			defaultConfigurationName = Release;
		};
		B55274651D56726C00932E30 /* Build configuration list for PBXNativeTarget "Etta" */ = {
			isa = XCConfigurationList;
			buildConfigurations = (
				B55274661D56726C00932E30 /* Debug */,
				B55274671D56726C00932E30 /* Release */,
			);
			defaultConfigurationIsVisible = 0;
			defaultConfigurationName = Release;
		};
		B55274681D56726C00932E30 /* Build configuration list for PBXNativeTarget "EttaTests" */ = {
			isa = XCConfigurationList;
			buildConfigurations = (
				B55274691D56726C00932E30 /* Debug */,
				B552746A1D56726C00932E30 /* Release */,
			);
			defaultConfigurationIsVisible = 0;
			defaultConfigurationName = Release;
		};
		B552746B1D56726C00932E30 /* Build configuration list for PBXNativeTarget "EttaUITests" */ = {
			isa = XCConfigurationList;
			buildConfigurations = (
				B552746C1D56726C00932E30 /* Debug */,
				B552746D1D56726C00932E30 /* Release */,
			);
			defaultConfigurationIsVisible = 0;
			defaultConfigurationName = Release;
		};
/* End XCConfigurationList section */

/* Begin XCVersionGroup section */
		B55274441D56726C00932E30 /* Etta.xcdatamodeld */ = {
			isa = XCVersionGroup;
			children = (
				B55274451D56726C00932E30 /* Etta.xcdatamodel */,
			);
			currentVersion = B55274451D56726C00932E30 /* Etta.xcdatamodel */;
			name = Etta.xcdatamodeld;
			path = Etta/Etta.xcdatamodeld;
			sourceTree = "<group>";
			versionGroupType = wrapper.xcdatamodel;
		};
/* End XCVersionGroup section */
	};
	rootObject = B55274321D56726C00932E30 /* Project object */;
}
